
Microsoft Visual Studio Solution File, Format Version 12.00
# Visual Studio Version 17
VisualStudioVersion = 17.9.34728.123
MinimumVisualStudioVersion = 10.0.40219.1
Project("{FAE04EC0-301F-11D3-BF4B-00C04F79EFBC}") = "SimpleCalculatorOnWpf", "SimpleCalculatorOnWpf.csproj", "{D44ECFBE-4911-41E1-8E28-2676F82E12FB}"
EndProject
Global
	GlobalSection(SolutionConfigurationPlatforms) = preSolution
		Debug|Any CPU = Debug|Any CPU
		Release|Any CPU = Release|Any CPU
	EndGlobalSection
	GlobalSection(ProjectConfigurationPlatforms) = postSolution
		{D44ECFBE-4911-41E1-8E28-2676F82E12FB}.Debug|Any CPU.ActiveCfg = Debug|Any CPU
		{D44ECFBE-4911-41E1-8E28-2676F82E12FB}.Debug|Any CPU.Build.0 = Debug|Any CPU
		{D44ECFBE-4911-41E1-8E28-2676F82E12FB}.Release|Any CPU.ActiveCfg = Release|Any CPU
		{D44ECFBE-4911-41E1-8E28-2676F82E12FB}.Release|Any CPU.Build.0 = Release|Any CPU
	EndGlobalSection
	GlobalSection(SolutionProperties) = preSolution
		HideSolutionNode = FALSE
	EndGlobalSection
	GlobalSection(ExtensibilityGlobals) = postSolution
		SolutionGuid = {B48F59A3-2A5A-416B-8831-0648218C658D}
	EndGlobalSection
EndGlobal
