
Microsoft Visual Studio Solution File, Format Version 12.00
# Visual Studio Version 17
VisualStudioVersion = 17.9.34728.123
MinimumVisualStudioVersion = 10.0.40219.1
Project("{FAE04EC0-301F-11D3-BF4B-00C04F79EFBC}") = "Ex01_HandlingClickAndMouseMoveEvents", "Ex01_HandlingClickAndMouseMoveEvents\Ex01_HandlingClickAndMouseMoveEvents.csproj", "{67B43590-18DD-427E-AF1D-1E4C10D7B6D2}"
EndProject
Project("{FAE04EC0-301F-11D3-BF4B-00C04F79EFBC}") = "Ex02_WorkingWithLists", "Ex02_WorkingWithLists\Ex02_WorkingWithLists.csproj", "{27FBF89A-7C83-4DFF-B8B7-8F932CADF460}"
EndProject
Project("{FAE04EC0-301F-11D3-BF4B-00C04F79EFBC}") = "Ex03_CreatingAndUsingToolStripControl", "Ex03_CreatingAndUsingToolStripControl\Ex03_CreatingAndUsingToolStripControl.csproj", "{46131A47-DE04-4577-B60C-64A8BF78DD26}"
EndProject
Project("{FAE04EC0-301F-11D3-BF4B-00C04F79EFBC}") = "Ex04_UsingStatusStripControl", "Ex04_UsingStatusStripControl\Ex04_UsingStatusStripControl.csproj", "{A8A2E4B5-1123-43C5-BFC6-A68AB4BC0F7D}"
EndProject
Global
	GlobalSection(SolutionConfigurationPlatforms) = preSolution
		Debug|Any CPU = Debug|Any CPU
		Release|Any CPU = Release|Any CPU
	EndGlobalSection
	GlobalSection(ProjectConfigurationPlatforms) = postSolution
		{67B43590-18DD-427E-AF1D-1E4C10D7B6D2}.Debug|Any CPU.ActiveCfg = Debug|Any CPU
		{67B43590-18DD-427E-AF1D-1E4C10D7B6D2}.Debug|Any CPU.Build.0 = Debug|Any CPU
		{67B43590-18DD-427E-AF1D-1E4C10D7B6D2}.Release|Any CPU.ActiveCfg = Release|Any CPU
		{67B43590-18DD-427E-AF1D-1E4C10D7B6D2}.Release|Any CPU.Build.0 = Release|Any CPU
		{27FBF89A-7C83-4DFF-B8B7-8F932CADF460}.Debug|Any CPU.ActiveCfg = Debug|Any CPU
		{27FBF89A-7C83-4DFF-B8B7-8F932CADF460}.Debug|Any CPU.Build.0 = Debug|Any CPU
		{27FBF89A-7C83-4DFF-B8B7-8F932CADF460}.Release|Any CPU.ActiveCfg = Release|Any CPU
		{27FBF89A-7C83-4DFF-B8B7-8F932CADF460}.Release|Any CPU.Build.0 = Release|Any CPU
		{46131A47-DE04-4577-B60C-64A8BF78DD26}.Debug|Any CPU.ActiveCfg = Debug|Any CPU
		{46131A47-DE04-4577-B60C-64A8BF78DD26}.Debug|Any CPU.Build.0 = Debug|Any CPU
		{46131A47-DE04-4577-B60C-64A8BF78DD26}.Release|Any CPU.ActiveCfg = Release|Any CPU
		{46131A47-DE04-4577-B60C-64A8BF78DD26}.Release|Any CPU.Build.0 = Release|Any CPU
		{A8A2E4B5-1123-43C5-BFC6-A68AB4BC0F7D}.Debug|Any CPU.ActiveCfg = Debug|Any CPU
		{A8A2E4B5-1123-43C5-BFC6-A68AB4BC0F7D}.Debug|Any CPU.Build.0 = Debug|Any CPU
		{A8A2E4B5-1123-43C5-BFC6-A68AB4BC0F7D}.Release|Any CPU.ActiveCfg = Release|Any CPU
		{A8A2E4B5-1123-43C5-BFC6-A68AB4BC0F7D}.Release|Any CPU.Build.0 = Release|Any CPU
	EndGlobalSection
	GlobalSection(SolutionProperties) = preSolution
		HideSolutionNode = FALSE
	EndGlobalSection
	GlobalSection(ExtensibilityGlobals) = postSolution
		SolutionGuid = {04D8CE09-BCB5-4D67-B5E6-C8676D3D2A66}
	EndGlobalSection
EndGlobal
