
Microsoft Visual Studio Solution File, Format Version 12.00
# Visual Studio Version 17
VisualStudioVersion = 17.9.34728.123
MinimumVisualStudioVersion = 10.0.40219.1
Project("{FAE04EC0-301F-11D3-BF4B-00C04F79EFBC}") = "Ex01_CreatingWindowsApplications", "Ex01_CreatingWindowsApplications\Ex01_CreatingWindowsApplications.csproj", "{D09807AD-2671-4A8A-A433-0BEC38D5EB7A}"
EndProject
Project("{FAE04EC0-301F-11D3-BF4B-00C04F79EFBC}") = "Ex02_WorkingWithWindows", "Ex02_WorkingWithWindows\Ex02_WorkingWithWindows.csproj", "{137FFCA9-5FA8-43E5-8260-58A02C2451B6}"
EndProject
Project("{FAE04EC0-301F-11D3-BF4B-00C04F79EFBC}") = "Ex03_NavigationApp", "Ex03_NavigationApp\Ex03_NavigationApp.csproj", "{040827C7-FC7B-429E-8F34-A85D1CABD450}"
EndProject
Global
	GlobalSection(SolutionConfigurationPlatforms) = preSolution
		Debug|Any CPU = Debug|Any CPU
		Release|Any CPU = Release|Any CPU
	EndGlobalSection
	GlobalSection(ProjectConfigurationPlatforms) = postSolution
		{D09807AD-2671-4A8A-A433-0BEC38D5EB7A}.Debug|Any CPU.ActiveCfg = Debug|Any CPU
		{D09807AD-2671-4A8A-A433-0BEC38D5EB7A}.Debug|Any CPU.Build.0 = Debug|Any CPU
		{D09807AD-2671-4A8A-A433-0BEC38D5EB7A}.Release|Any CPU.ActiveCfg = Release|Any CPU
		{D09807AD-2671-4A8A-A433-0BEC38D5EB7A}.Release|Any CPU.Build.0 = Release|Any CPU
		{137FFCA9-5FA8-43E5-8260-58A02C2451B6}.Debug|Any CPU.ActiveCfg = Debug|Any CPU
		{137FFCA9-5FA8-43E5-8260-58A02C2451B6}.Debug|Any CPU.Build.0 = Debug|Any CPU
		{137FFCA9-5FA8-43E5-8260-58A02C2451B6}.Release|Any CPU.ActiveCfg = Release|Any CPU
		{137FFCA9-5FA8-43E5-8260-58A02C2451B6}.Release|Any CPU.Build.0 = Release|Any CPU
		{040827C7-FC7B-429E-8F34-A85D1CABD450}.Debug|Any CPU.ActiveCfg = Debug|Any CPU
		{040827C7-FC7B-429E-8F34-A85D1CABD450}.Debug|Any CPU.Build.0 = Debug|Any CPU
		{040827C7-FC7B-429E-8F34-A85D1CABD450}.Release|Any CPU.ActiveCfg = Release|Any CPU
		{040827C7-FC7B-429E-8F34-A85D1CABD450}.Release|Any CPU.Build.0 = Release|Any CPU
	EndGlobalSection
	GlobalSection(SolutionProperties) = preSolution
		HideSolutionNode = FALSE
	EndGlobalSection
	GlobalSection(ExtensibilityGlobals) = postSolution
		SolutionGuid = {FBEEB4A1-D59F-45C6-B798-E8272618406F}
	EndGlobalSection
EndGlobal
