
Microsoft Visual Studio Solution File, Format Version 12.00
# Visual Studio Version 17
VisualStudioVersion = 17.9.34728.123
MinimumVisualStudioVersion = 10.0.40219.1
Project("{FAE04EC0-301F-11D3-BF4B-00C04F79EFBC}") = "Itmo.CSDesktopApp.WinFormSample01", "Itmo.CSDesktopApp.WinFormSample01\Itmo.CSDesktopApp.WinFormSample01.csproj", "{5C0DF76B-56F6-42C1-A883-5EC604439D17}"
EndProject
Project("{FAE04EC0-301F-11D3-BF4B-00C04F79EFBC}") = "Itmo.CSDesktopApp.WinFormSample02", "Itmo.CSDesktopApp.WinFormSample02\Itmo.CSDesktopApp.WinFormSample02.csproj", "{105BC8E0-4856-4A64-B64C-009BB0747E41}"
EndProject
Global
	GlobalSection(SolutionConfigurationPlatforms) = preSolution
		Debug|Any CPU = Debug|Any CPU
		Release|Any CPU = Release|Any CPU
	EndGlobalSection
	GlobalSection(ProjectConfigurationPlatforms) = postSolution
		{5C0DF76B-56F6-42C1-A883-5EC604439D17}.Debug|Any CPU.ActiveCfg = Debug|Any CPU
		{5C0DF76B-56F6-42C1-A883-5EC604439D17}.Debug|Any CPU.Build.0 = Debug|Any CPU
		{5C0DF76B-56F6-42C1-A883-5EC604439D17}.Release|Any CPU.ActiveCfg = Release|Any CPU
		{5C0DF76B-56F6-42C1-A883-5EC604439D17}.Release|Any CPU.Build.0 = Release|Any CPU
		{105BC8E0-4856-4A64-B64C-009BB0747E41}.Debug|Any CPU.ActiveCfg = Debug|Any CPU
		{105BC8E0-4856-4A64-B64C-009BB0747E41}.Debug|Any CPU.Build.0 = Debug|Any CPU
		{105BC8E0-4856-4A64-B64C-009BB0747E41}.Release|Any CPU.ActiveCfg = Release|Any CPU
		{105BC8E0-4856-4A64-B64C-009BB0747E41}.Release|Any CPU.Build.0 = Release|Any CPU
	EndGlobalSection
	GlobalSection(SolutionProperties) = preSolution
		HideSolutionNode = FALSE
	EndGlobalSection
	GlobalSection(ExtensibilityGlobals) = postSolution
		SolutionGuid = {3D2168C0-943E-43E7-91B7-B8D01E40A6D8}
	EndGlobalSection
EndGlobal
